
Microsoft Visual Studio Solution File, Format Version 12.00
# Visual Studio Version 16
VisualStudioVersion = 16.0.31019.35
MinimumVisualStudioVersion = 10.0.40219.1
Project("{FAE04EC0-301F-11D3-BF4B-00C04F79EFBC}") = "LatihanOverloadingMethod", "LatihanOverloadingMethod.csproj", "{5FE3DF46-7506-49BC-AB1C-CFDC901EC4CA}"
EndProject
Global
	GlobalSection(SolutionConfigurationPlatforms) = preSolution
		Debug|Any CPU = Debug|Any CPU
		Release|Any CPU = Release|Any CPU
	EndGlobalSection
	GlobalSection(ProjectConfigurationPlatforms) = postSolution
		{5FE3DF46-7506-49BC-AB1C-CFDC901EC4CA}.Debug|Any CPU.ActiveCfg = Debug|Any CPU
		{5FE3DF46-7506-49BC-AB1C-CFDC901EC4CA}.Debug|Any CPU.Build.0 = Debug|Any CPU
		{5FE3DF46-7506-49BC-AB1C-CFDC901EC4CA}.Release|Any CPU.ActiveCfg = Release|Any CPU
		{5FE3DF46-7506-49BC-AB1C-CFDC901EC4CA}.Release|Any CPU.Build.0 = Release|Any CPU
	EndGlobalSection
	GlobalSection(SolutionProperties) = preSolution
		HideSolutionNode = FALSE
	EndGlobalSection
	GlobalSection(ExtensibilityGlobals) = postSolution
		SolutionGuid = {563D590B-D207-4DFE-B679-26CE7905E401}
	EndGlobalSection
EndGlobal
